# This file is automatically @generated by Cargo.
# It is not intended for manual editing.
version = 3

[[package]]
name = "roots"
version = "0.0.8"
source = "registry+https://github.com/rust-lang/crates.io-index"
checksum = "082f11ffa03bbef6c2c6ea6bea1acafaade2fd9050ae0234ab44a2153742b058"

[[package]]
name = "tp1"
version = "0.1.0"
dependencies = [
 "roots",
]
